
Microsoft Visual Studio Solution File, Format Version 12.00
# Visual Studio Version 17
VisualStudioVersion = 17.9.34622.214
MinimumVisualStudioVersion = 10.0.40219.1
Project("{FAE04EC0-301F-11D3-BF4B-00C04F79EFBC}") = "BDCSharpModels", "BDCSharpModels.csproj", "{648AC208-7114-4FD6-B419-255D02A69102}"
EndProject
Global
	GlobalSection(SolutionConfigurationPlatforms) = preSolution
		Debug|Any CPU = Debug|Any CPU
		Release|Any CPU = Release|Any CPU
	EndGlobalSection
	GlobalSection(ProjectConfigurationPlatforms) = postSolution
		{648AC208-7114-4FD6-B419-255D02A69102}.Debug|Any CPU.ActiveCfg = Debug|Any CPU
		{648AC208-7114-4FD6-B419-255D02A69102}.Debug|Any CPU.Build.0 = Debug|Any CPU
		{648AC208-7114-4FD6-B419-255D02A69102}.Release|Any CPU.ActiveCfg = Release|Any CPU
		{648AC208-7114-4FD6-B419-255D02A69102}.Release|Any CPU.Build.0 = Release|Any CPU
	EndGlobalSection
	GlobalSection(SolutionProperties) = preSolution
		HideSolutionNode = FALSE
	EndGlobalSection
	GlobalSection(ExtensibilityGlobals) = postSolution
		SolutionGuid = {79479565-8D4F-446A-83D5-5EEA893EB14D}
	EndGlobalSection
EndGlobal
